
Microsoft Visual Studio Solution File, Format Version 12.00
# Visual Studio 15
VisualStudioVersion = 15.0.28307.779
MinimumVisualStudioVersion = 10.0.40219.1
Project("{FAE04EC0-301F-11D3-BF4B-00C04F79EFBC}") = "PersonsBase", "PersonsBase\PersonsBase.csproj", "{B467CBF3-538C-45D0-999B-99B3F1844AF8}"
EndProject
Project("{FAE04EC0-301F-11D3-BF4B-00C04F79EFBC}") = "ManhattatProject", "ManhattatProject\ManhattatProject.csproj", "{B994F94F-2384-435E-8AD5-7028896E162A}"
EndProject
Project("{FAE04EC0-301F-11D3-BF4B-00C04F79EFBC}") = "WinListTest", "WinListTest\WinListTest.csproj", "{44AA0220-AC2C-4937-9411-44F366EF76C8}"
EndProject
Global
	GlobalSection(SolutionConfigurationPlatforms) = preSolution
		Debug|Any CPU = Debug|Any CPU
		Release|Any CPU = Release|Any CPU
	EndGlobalSection
	GlobalSection(ProjectConfigurationPlatforms) = postSolution
		{B467CBF3-538C-45D0-999B-99B3F1844AF8}.Debug|Any CPU.ActiveCfg = Debug|Any CPU
		{B467CBF3-538C-45D0-999B-99B3F1844AF8}.Debug|Any CPU.Build.0 = Debug|Any CPU
		{B467CBF3-538C-45D0-999B-99B3F1844AF8}.Release|Any CPU.ActiveCfg = Release|Any CPU
		{B467CBF3-538C-45D0-999B-99B3F1844AF8}.Release|Any CPU.Build.0 = Release|Any CPU
		{B994F94F-2384-435E-8AD5-7028896E162A}.Debug|Any CPU.ActiveCfg = Debug|Any CPU
		{B994F94F-2384-435E-8AD5-7028896E162A}.Debug|Any CPU.Build.0 = Debug|Any CPU
		{B994F94F-2384-435E-8AD5-7028896E162A}.Release|Any CPU.ActiveCfg = Release|Any CPU
		{B994F94F-2384-435E-8AD5-7028896E162A}.Release|Any CPU.Build.0 = Release|Any CPU
		{44AA0220-AC2C-4937-9411-44F366EF76C8}.Debug|Any CPU.ActiveCfg = Debug|Any CPU
		{44AA0220-AC2C-4937-9411-44F366EF76C8}.Debug|Any CPU.Build.0 = Debug|Any CPU
		{44AA0220-AC2C-4937-9411-44F366EF76C8}.Release|Any CPU.ActiveCfg = Release|Any CPU
		{44AA0220-AC2C-4937-9411-44F366EF76C8}.Release|Any CPU.Build.0 = Release|Any CPU
	EndGlobalSection
	GlobalSection(SolutionProperties) = preSolution
		HideSolutionNode = FALSE
	EndGlobalSection
	GlobalSection(ExtensibilityGlobals) = postSolution
		SolutionGuid = {5FFE5606-1B2A-4B84-B9F9-2AF522D0C5E0}
	EndGlobalSection
EndGlobal
